
Microsoft Visual Studio Solution File, Format Version 12.00
# Visual Studio Version 17
VisualStudioVersion = 17.6.33829.357
MinimumVisualStudioVersion = 10.0.40219.1
Project("{FAE04EC0-301F-11D3-BF4B-00C04F79EFBC}") = "BusStationInterface", "BusStationInterface\BusStationInterface.csproj", "{5FA121E2-30A3-4BBB-9013-678DDF668982}"
EndProject
Global
	GlobalSection(SolutionConfigurationPlatforms) = preSolution
		Debug|Any CPU = Debug|Any CPU
		Release|Any CPU = Release|Any CPU
	EndGlobalSection
	GlobalSection(ProjectConfigurationPlatforms) = postSolution
		{5FA121E2-30A3-4BBB-9013-678DDF668982}.Debug|Any CPU.ActiveCfg = Debug|Any CPU
		{5FA121E2-30A3-4BBB-9013-678DDF668982}.Debug|Any CPU.Build.0 = Debug|Any CPU
		{5FA121E2-30A3-4BBB-9013-678DDF668982}.Release|Any CPU.ActiveCfg = Release|Any CPU
		{5FA121E2-30A3-4BBB-9013-678DDF668982}.Release|Any CPU.Build.0 = Release|Any CPU
	EndGlobalSection
	GlobalSection(SolutionProperties) = preSolution
		HideSolutionNode = FALSE
	EndGlobalSection
	GlobalSection(ExtensibilityGlobals) = postSolution
		SolutionGuid = {C63C2F71-C0D6-4FA6-B735-67418031371E}
	EndGlobalSection
EndGlobal
